// !$*UTF8*$!
{
	archiveVersion = 1;
	classes = {
	};
	objectVersion = 46;
	objects = {

/* Begin PBXBuildFile section */
		2135EBE11A822D7200A728DC /* AppDelegate.swift in Sources */ = {isa = PBXBuildFile; fileRef = 2135EBE01A822D7200A728DC /* AppDelegate.swift */; };
		2135EBE31A822D7200A728DC /* ViewController.swift in Sources */ = {isa = PBXBuildFile; fileRef = 2135EBE21A822D7200A728DC /* ViewController.swift */; };
		2135EBE61A822D7200A728DC /* Main.storyboard in Resources */ = {isa = PBXBuildFile; fileRef = 2135EBE41A822D7200A728DC /* Main.storyboard */; };
		2135EBE81A822D7200A728DC /* Images.xcassets in Resources */ = {isa = PBXBuildFile; fileRef = 2135EBE71A822D7200A728DC /* Images.xcassets */; };
		2135EBEB1A822D7200A728DC /* LaunchScreen.xib in Resources */ = {isa = PBXBuildFile; fileRef = 2135EBE91A822D7200A728DC /* LaunchScreen.xib */; };
		2135EBF71A822D7200A728DC /* CostOfLayersVsDrawing_SwiftTests.swift in Sources */ = {isa = PBXBuildFile; fileRef = 2135EBF61A822D7200A728DC /* CostOfLayersVsDrawing_SwiftTests.swift */; };
		21D74F511A84E8060030CB96 /* NativeView.swift in Sources */ = {isa = PBXBuildFile; fileRef = 21D74F501A84E8060030CB96 /* NativeView.swift */; };
/* End PBXBuildFile section */

/* Begin PBXContainerItemProxy section */
		2135EBF11A822D7200A728DC /* PBXContainerItemProxy */ = {
			isa = PBXContainerItemProxy;
			containerPortal = 2135EBD31A822D7200A728DC /* Project object */;
			proxyType = 1;
			remoteGlobalIDString = 2135EBDA1A822D7200A728DC;
			remoteInfo = "CostOfLayersVsDrawing-Swift";
		};
/* End PBXContainerItemProxy section */

/* Begin PBXFileReference section */
		2135EBDB1A822D7200A728DC /* CostOfLayersVsDrawing-Swift.app */ = {isa = PBXFileReference; explicitFileType = wrapper.application; includeInIndex = 0; path = "CostOfLayersVsDrawing-Swift.app"; sourceTree = BUILT_PRODUCTS_DIR; };
		2135EBDF1A822D7200A728DC /* Info.plist */ = {isa = PBXFileReference; lastKnownFileType = text.plist.xml; path = Info.plist; sourceTree = "<group>"; };
		2135EBE01A822D7200A728DC /* AppDelegate.swift */ = {isa = PBXFileReference; lastKnownFileType = sourcecode.swift; path = AppDelegate.swift; sourceTree = "<group>"; };
		2135EBE21A822D7200A728DC /* ViewController.swift */ = {isa = PBXFileReference; lastKnownFileType = sourcecode.swift; path = ViewController.swift; sourceTree = "<group>"; };
		2135EBE51A822D7200A728DC /* Base */ = {isa = PBXFileReference; lastKnownFileType = file.storyboard; name = Base; path = Base.lproj/Main.storyboard; sourceTree = "<group>"; };
		2135EBE71A822D7200A728DC /* Images.xcassets */ = {isa = PBXFileReference; lastKnownFileType = folder.assetcatalog; path = Images.xcassets; sourceTree = "<group>"; };
		2135EBEA1A822D7200A728DC /* Base */ = {isa = PBXFileReference; lastKnownFileType = file.xib; name = Base; path = Base.lproj/LaunchScreen.xib; sourceTree = "<group>"; };
		2135EBF01A822D7200A728DC /* CostOfLayersVsDrawing-SwiftTests.xctest */ = {isa = PBXFileReference; explicitFileType = wrapper.cfbundle; includeInIndex = 0; path = "CostOfLayersVsDrawing-SwiftTests.xctest"; sourceTree = BUILT_PRODUCTS_DIR; };
		2135EBF51A822D7200A728DC /* Info.plist */ = {isa = PBXFileReference; lastKnownFileType = text.plist.xml; path = Info.plist; sourceTree = "<group>"; };
		2135EBF61A822D7200A728DC /* CostOfLayersVsDrawing_SwiftTests.swift */ = {isa = PBXFileReference; lastKnownFileType = sourcecode.swift; path = CostOfLayersVsDrawing_SwiftTests.swift; sourceTree = "<group>"; };
		21D74F501A84E8060030CB96 /* NativeView.swift */ = {isa = PBXFileReference; fileEncoding = 4; lastKnownFileType = sourcecode.swift; path = NativeView.swift; sourceTree = "<group>"; };
/* End PBXFileReference section */

/* Begin PBXFrameworksBuildPhase section */
		2135EBD81A822D7200A728DC /* Frameworks */ = {
			isa = PBXFrameworksBuildPhase;
			buildActionMask = 2147483647;
			files = (
			);
			runOnlyForDeploymentPostprocessing = 0;
		};
		2135EBED1A822D7200A728DC /* Frameworks */ = {
			isa = PBXFrameworksBuildPhase;
			buildActionMask = 2147483647;
			files = (
			);
			runOnlyForDeploymentPostprocessing = 0;
		};
/* End PBXFrameworksBuildPhase section */

/* Begin PBXGroup section */
		2135EBD21A822D7200A728DC = {
			isa = PBXGroup;
			children = (
				2135EBDD1A822D7200A728DC /* CostOfLayersVsDrawing-Swift */,
				2135EBF31A822D7200A728DC /* CostOfLayersVsDrawing-SwiftTests */,
				2135EBDC1A822D7200A728DC /* Products */,
			);
			sourceTree = "<group>";
		};
		2135EBDC1A822D7200A728DC /* Products */ = {
			isa = PBXGroup;
			children = (
				2135EBDB1A822D7200A728DC /* CostOfLayersVsDrawing-Swift.app */,
				2135EBF01A822D7200A728DC /* CostOfLayersVsDrawing-SwiftTests.xctest */,
			);
			name = Products;
			sourceTree = "<group>";
		};
		2135EBDD1A822D7200A728DC /* CostOfLayersVsDrawing-Swift */ = {
			isa = PBXGroup;
			children = (
				2135EBE01A822D7200A728DC /* AppDelegate.swift */,
				2135EBE21A822D7200A728DC /* ViewController.swift */,
				21D74F501A84E8060030CB96 /* NativeView.swift */,
				2135EBE41A822D7200A728DC /* Main.storyboard */,
				2135EBE71A822D7200A728DC /* Images.xcassets */,
				2135EBE91A822D7200A728DC /* LaunchScreen.xib */,
				2135EBDE1A822D7200A728DC /* Supporting Files */,
			);
			path = "CostOfLayersVsDrawing-Swift";
			sourceTree = "<group>";
		};
		2135EBDE1A822D7200A728DC /* Supporting Files */ = {
			isa = PBXGroup;
			children = (
				2135EBDF1A822D7200A728DC /* Info.plist */,
			);
			name = "Supporting Files";
			sourceTree = "<group>";
		};
		2135EBF31A822D7200A728DC /* CostOfLayersVsDrawing-SwiftTests */ = {
			isa = PBXGroup;
			children = (
				2135EBF61A822D7200A728DC /* CostOfLayersVsDrawing_SwiftTests.swift */,
				2135EBF41A822D7200A728DC /* Supporting Files */,
			);
			path = "CostOfLayersVsDrawing-SwiftTests";
			sourceTree = "<group>";
		};
		2135EBF41A822D7200A728DC /* Supporting Files */ = {
			isa = PBXGroup;
			children = (
				2135EBF51A822D7200A728DC /* Info.plist */,
			);
			name = "Supporting Files";
			sourceTree = "<group>";
		};
/* End PBXGroup section */

/* Begin PBXNativeTarget section */
		2135EBDA1A822D7200A728DC /* CostOfLayersVsDrawing-Swift */ = {
			isa = PBXNativeTarget;
			buildConfigurationList = 2135EBFA1A822D7200A728DC /* Build configuration list for PBXNativeTarget "CostOfLayersVsDrawing-Swift" */;
			buildPhases = (
				2135EBD71A822D7200A728DC /* Sources */,
				2135EBD81A822D7200A728DC /* Frameworks */,
				2135EBD91A822D7200A728DC /* Resources */,
			);
			buildRules = (
			);
			dependencies = (
			);
			name = "CostOfLayersVsDrawing-Swift";
			productName = "CostOfLayersVsDrawing-Swift";
			productReference = 2135EBDB1A822D7200A728DC /* CostOfLayersVsDrawing-Swift.app */;
			productType = "com.apple.product-type.application";
		};
		2135EBEF1A822D7200A728DC /* CostOfLayersVsDrawing-SwiftTests */ = {
			isa = PBXNativeTarget;
			buildConfigurationList = 2135EBFD1A822D7200A728DC /* Build configuration list for PBXNativeTarget "CostOfLayersVsDrawing-SwiftTests" */;
			buildPhases = (
				2135EBEC1A822D7200A728DC /* Sources */,
				2135EBED1A822D7200A728DC /* Frameworks */,
				2135EBEE1A822D7200A728DC /* Resources */,
			);
			buildRules = (
			);
			dependencies = (
				2135EBF21A822D7200A728DC /* PBXTargetDependency */,
			);
			name = "CostOfLayersVsDrawing-SwiftTests";
			productName = "CostOfLayersVsDrawing-SwiftTests";
			productReference = 2135EBF01A822D7200A728DC /* CostOfLayersVsDrawing-SwiftTests.xctest */;
			productType = "com.apple.product-type.bundle.unit-test";
		};
/* End PBXNativeTarget section */

/* Begin PBXProject section */
		2135EBD31A822D7200A728DC /* Project object */ = {
			isa = PBXProject;
			attributes = {
				LastUpgradeCheck = 0610;
				ORGANIZATIONNAME = IMTX;
				TargetAttributes = {
					2135EBDA1A822D7200A728DC = {
						CreatedOnToolsVersion = 6.1.1;
					};
					2135EBEF1A822D7200A728DC = {
						CreatedOnToolsVersion = 6.1.1;
						TestTargetID = 2135EBDA1A822D7200A728DC;
					};
				};
			};
			buildConfigurationList = 2135EBD61A822D7200A728DC /* Build configuration list for PBXProject "CostOfLayersVsDrawing-Swift" */;
			compatibilityVersion = "Xcode 3.2";
			developmentRegion = English;
			hasScannedForEncodings = 0;
			knownRegions = (
				en,
				Base,
			);
			mainGroup = 2135EBD21A822D7200A728DC;
			productRefGroup = 2135EBDC1A822D7200A728DC /* Products */;
			projectDirPath = "";
			projectRoot = "";
			targets = (
				2135EBDA1A822D7200A728DC /* CostOfLayersVsDrawing-Swift */,
				2135EBEF1A822D7200A728DC /* CostOfLayersVsDrawing-SwiftTests */,
			);
		};
/* End PBXProject section */

/* Begin PBXResourcesBuildPhase section */
		2135EBD91A822D7200A728DC /* Resources */ = {
			isa = PBXResourcesBuildPhase;
			buildActionMask = 2147483647;
			files = (
				2135EBE61A822D7200A728DC /* Main.storyboard in Resources */,
				2135EBEB1A822D7200A728DC /* LaunchScreen.xib in Resources */,
				2135EBE81A822D7200A728DC /* Images.xcassets in Resources */,
			);
			runOnlyForDeploymentPostprocessing = 0;
		};
		2135EBEE1A822D7200A728DC /* Resources */ = {
			isa = PBXResourcesBuildPhase;
			buildActionMask = 2147483647;
			files = (
			);
			runOnlyForDeploymentPostprocessing = 0;
		};
/* End PBXResourcesBuildPhase section */

/* Begin PBXSourcesBuildPhase section */
		2135EBD71A822D7200A728DC /* Sources */ = {
			isa = PBXSourcesBuildPhase;
			buildActionMask = 2147483647;
			files = (
				2135EBE31A822D7200A728DC /* ViewController.swift in Sources */,
				2135EBE11A822D7200A728DC /* AppDelegate.swift in Sources */,
				21D74F511A84E8060030CB96 /* NativeView.swift in Sources */,
			);
			runOnlyForDeploymentPostprocessing = 0;
		};
		2135EBEC1A822D7200A728DC /* Sources */ = {
			isa = PBXSourcesBuildPhase;
			buildActionMask = 2147483647;
			files = (
				2135EBF71A822D7200A728DC /* CostOfLayersVsDrawing_SwiftTests.swift in Sources */,
			);
			runOnlyForDeploymentPostprocessing = 0;
		};
/* End PBXSourcesBuildPhase section */

/* Begin PBXTargetDependency section */
		2135EBF21A822D7200A728DC /* PBXTargetDependency */ = {
			isa = PBXTargetDependency;
			target = 2135EBDA1A822D7200A728DC /* CostOfLayersVsDrawing-Swift */;
			targetProxy = 2135EBF11A822D7200A728DC /* PBXContainerItemProxy */;
		};
/* End PBXTargetDependency section */

/* Begin PBXVariantGroup section */
		2135EBE41A822D7200A728DC /* Main.storyboard */ = {
			isa = PBXVariantGroup;
			children = (
				2135EBE51A822D7200A728DC /* Base */,
			);
			name = Main.storyboard;
			sourceTree = "<group>";
		};
		2135EBE91A822D7200A728DC /* LaunchScreen.xib */ = {
			isa = PBXVariantGroup;
			children = (
				2135EBEA1A822D7200A728DC /* Base */,
			);
			name = LaunchScreen.xib;
			sourceTree = "<group>";
		};
/* End PBXVariantGroup section */

/* Begin XCBuildConfiguration section */
		2135EBF81A822D7200A728DC /* Debug */ = {
			isa = XCBuildConfiguration;
			buildSettings = {
				ALWAYS_SEARCH_USER_PATHS = NO;
				CLANG_CXX_LANGUAGE_STANDARD = "gnu++0x";
				CLANG_CXX_LIBRARY = "libc++";
				CLANG_ENABLE_MODULES = YES;
				CLANG_ENABLE_OBJC_ARC = YES;
				CLANG_WARN_BOOL_CONVERSION = YES;
				CLANG_WARN_CONSTANT_CONVERSION = YES;
				CLANG_WARN_DIRECT_OBJC_ISA_USAGE = YES_ERROR;
				CLANG_WARN_EMPTY_BODY = YES;
				CLANG_WARN_ENUM_CONVERSION = YES;
				CLANG_WARN_INT_CONVERSION = YES;
				CLANG_WARN_OBJC_ROOT_CLASS = YES_ERROR;
				CLANG_WARN_UNREACHABLE_CODE = YES;
				CLANG_WARN__DUPLICATE_METHOD_MATCH = YES;
				"CODE_SIGN_IDENTITY[sdk=iphoneos*]" = "iPhone Developer";
				COPY_PHASE_STRIP = NO;
				ENABLE_STRICT_OBJC_MSGSEND = YES;
				GCC_C_LANGUAGE_STANDARD = gnu99;
				GCC_DYNAMIC_NO_PIC = NO;
				GCC_OPTIMIZATION_LEVEL = 0;
				GCC_PREPROCESSOR_DEFINITIONS = (
					"DEBUG=1",
					"$(inherited)",
				);
				GCC_SYMBOLS_PRIVATE_EXTERN = NO;
				GCC_WARN_64_TO_32_BIT_CONVERSION = YES;
				GCC_WARN_ABOUT_RETURN_TYPE = YES_ERROR;
				GCC_WARN_UNDECLARED_SELECTOR = YES;
				GCC_WARN_UNINITIALIZED_AUTOS = YES_AGGRESSIVE;
				GCC_WARN_UNUSED_FUNCTION = YES;
				GCC_WARN_UNUSED_VARIABLE = YES;
				IPHONEOS_DEPLOYMENT_TARGET = 8.1;
				MTL_ENABLE_DEBUG_INFO = YES;
				ONLY_ACTIVE_ARCH = YES;
				SDKROOT = iphoneos;
				SWIFT_OPTIMIZATION_LEVEL = "-Onone";
				TARGETED_DEVICE_FAMILY = "1,2";
			};
			name = Debug;
		};
		2135EBF91A822D7200A728DC /* Release */ = {
			isa = XCBuildConfiguration;
			buildSettings = {
				ALWAYS_SEARCH_USER_PATHS = NO;
				CLANG_CXX_LANGUAGE_STANDARD = "gnu++0x";
				CLANG_CXX_LIBRARY = "libc++";
				CLANG_ENABLE_MODULES = YES;
				CLANG_ENABLE_OBJC_ARC = YES;
				CLANG_WARN_BOOL_CONVERSION = YES;
				CLANG_WARN_CONSTANT_CONVERSION = YES;
				CLANG_WARN_DIRECT_OBJC_ISA_USAGE = YES_ERROR;
				CLANG_WARN_EMPTY_BODY = YES;
				CLANG_WARN_ENUM_CONVERSION = YES;
				CLANG_WARN_INT_CONVERSION = YES;
				CLANG_WARN_OBJC_ROOT_CLASS = YES_ERROR;
				CLANG_WARN_UNREACHABLE_CODE = YES;
				CLANG_WARN__DUPLICATE_METHOD_MATCH = YES;
				"CODE_SIGN_IDENTITY[sdk=iphoneos*]" = "iPhone Developer";
				COPY_PHASE_STRIP = YES;
				ENABLE_NS_ASSERTIONS = NO;
				ENABLE_STRICT_OBJC_MSGSEND = YES;
				GCC_C_LANGUAGE_STANDARD = gnu99;
				GCC_WARN_64_TO_32_BIT_CONVERSION = YES;
				GCC_WARN_ABOUT_RETURN_TYPE = YES_ERROR;
				GCC_WARN_UNDECLARED_SELECTOR = YES;
				GCC_WARN_UNINITIALIZED_AUTOS = YES_AGGRESSIVE;
				GCC_WARN_UNUSED_FUNCTION = YES;
				GCC_WARN_UNUSED_VARIABLE = YES;
				IPHONEOS_DEPLOYMENT_TARGET = 8.1;
				MTL_ENABLE_DEBUG_INFO = NO;
				SDKROOT = iphoneos;
				TARGETED_DEVICE_FAMILY = "1,2";
				VALIDATE_PRODUCT = YES;
			};
			name = Release;
		};
		2135EBFB1A822D7200A728DC /* Debug */ = {
			isa = XCBuildConfiguration;
			buildSettings = {
				ASSETCATALOG_COMPILER_APPICON_NAME = AppIcon;
				INFOPLIST_FILE = "CostOfLayersVsDrawing-Swift/Info.plist";
				LD_RUNPATH_SEARCH_PATHS = "$(inherited) @executable_path/Frameworks";
				PRODUCT_NAME = "$(TARGET_NAME)";
			};
			name = Debug;
		};
		2135EBFC1A822D7200A728DC /* Release */ = {
			isa = XCBuildConfiguration;
			buildSettings = {
				ASSETCATALOG_COMPILER_APPICON_NAME = AppIcon;
				INFOPLIST_FILE = "CostOfLayersVsDrawing-Swift/Info.plist";
				LD_RUNPATH_SEARCH_PATHS = "$(inherited) @executable_path/Frameworks";
				PRODUCT_NAME = "$(TARGET_NAME)";
			};
			name = Release;
		};
		2135EBFE1A822D7200A728DC /* Debug */ = {
			isa = XCBuildConfiguration;
			buildSettings = {
				BUNDLE_LOADER = "$(TEST_HOST)";
				FRAMEWORK_SEARCH_PATHS = (
					"$(SDKROOT)/Developer/Library/Frameworks",
					"$(inherited)",
				);
				GCC_PREPROCESSOR_DEFINITIONS = (
					"DEBUG=1",
					"$(inherited)",
				);
				INFOPLIST_FILE = "CostOfLayersVsDrawing-SwiftTests/Info.plist";
				LD_RUNPATH_SEARCH_PATHS = "$(inherited) @executable_path/Frameworks @loader_path/Frameworks";
				PRODUCT_NAME = "$(TARGET_NAME)";
				TEST_HOST = "$(BUILT_PRODUCTS_DIR)/CostOfLayersVsDrawing-Swift.app/CostOfLayersVsDrawing-Swift";
			};
			name = Debug;
		};
		2135EBFF1A822D7200A728DC /* Release */ = {
			isa = XCBuildConfiguration;
			buildSettings = {
				BUNDLE_LOADER = "$(TEST_HOST)";
				FRAMEWORK_SEARCH_PATHS = (
					"$(SDKROOT)/Developer/Library/Frameworks",
					"$(inherited)",
				);
				INFOPLIST_FILE = "CostOfLayersVsDrawing-SwiftTests/Info.plist";
				LD_RUNPATH_SEARCH_PATHS = "$(inherited) @executable_path/Frameworks @loader_path/Frameworks";
				PRODUCT_NAME = "$(TARGET_NAME)";
				TEST_HOST = "$(BUILT_PRODUCTS_DIR)/CostOfLayersVsDrawing-Swift.app/CostOfLayersVsDrawing-Swift";
			};
			name = Release;
		};
/* End XCBuildConfiguration section */

/* Begin XCConfigurationList section */
		2135EBD61A822D7200A728DC /* Build configuration list for PBXProject "CostOfLayersVsDrawing-Swift" */ = {
			isa = XCConfigurationList;
			buildConfigurations = (
				2135EBF81A822D7200A728DC /* Debug */,
				2135EBF91A822D7200A728DC /* Release */,
			);
			defaultConfigurationIsVisible = 0;
			defaultConfigurationName = Release;
		};
		2135EBFA1A822D7200A728DC /* Build configuration list for PBXNativeTarget "CostOfLayersVsDrawing-Swift" */ = {
			isa = XCConfigurationList;
			buildConfigurations = (
				2135EBFB1A822D7200A728DC /* Debug */,
				2135EBFC1A822D7200A728DC /* Release */,
			);
			defaultConfigurationIsVisible = 0;
			defaultConfigurationName = Release;
		};
		2135EBFD1A822D7200A728DC /* Build configuration list for PBXNativeTarget "CostOfLayersVsDrawing-SwiftTests" */ = {
			isa = XCConfigurationList;
			buildConfigurations = (
				2135EBFE1A822D7200A728DC /* Debug */,
				2135EBFF1A822D7200A728DC /* Release */,
			);
			defaultConfigurationIsVisible = 0;
			defaultConfigurationName = Release;
		};
/* End XCConfigurationList section */
	};
	rootObject = 2135EBD31A822D7200A728DC /* Project object */;
}
